PODS:
  - Alamofire (5.0.0-beta.6)
  - RSSelectionMenu (6.0.3)

DEPENDENCIES:
  - Alamofire (~> 5.0.0-beta.5)
  - RSSelectionMenu

SPEC REPOS:
  https://github.com/cocoapods/specs.git:
    - Alamofire
    - RSSelectionMenu

SPEC CHECKSUMS:
  Alamofire: cd08a4402bd12cacd0c66f23fb12fec8d6b965e4
  RSSelectionMenu: decee83e020ee9d63e53995eb7f1ea5ca75f0667

PODFILE CHECKSUM: eea0146bc67586709c311788b54edb9625ba2c52

COCOAPODS: 1.6.1
